# This file is automatically @generated by Cargo.
# It is not intended for manual editing.
version = 4

[[package]]
name = "api"
version = "0.1.0"

[[package]]
name = "app"
version = "0.1.0"

[[package]]
name = "auth"
version = "0.1.0"

[[package]]
name = "cli"
version = "0.1.0"

[[package]]
name = "config"
version = "0.1.0"

[[package]]
name = "identity"
version = "0.1.0"

[[package]]
name = "infra"
version = "0.1.0"

[[package]]
name = "node"
version = "0.1.0"

[[package]]
name = "repository"
version = "0.1.0"

[[package]]
name = "server"
version = "0.1.0"

[[package]]
name = "storage"
version = "0.1.0"
